
Microsoft Visual Studio Solution File, Format Version 12.00
# Visual Studio Version 16
VisualStudioVersion = 16.0.32106.194
MinimumVisualStudioVersion = 10.0.40219.1
Project("{FAE04EC0-301F-11D3-BF4B-00C04F79EFBC}") = "vidly", "vidly\vidly.csproj", "{9D338061-B2C3-4842-B251-A3803A564EEC}"
EndProject
Global
	GlobalSection(SolutionConfigurationPlatforms) = preSolution
		Debug|Any CPU = Debug|Any CPU
		Release|Any CPU = Release|Any CPU
	EndGlobalSection
	GlobalSection(ProjectConfigurationPlatforms) = postSolution
		{9D338061-B2C3-4842-B251-A3803A564EEC}.Debug|Any CPU.ActiveCfg = Debug|Any CPU
		{9D338061-B2C3-4842-B251-A3803A564EEC}.Debug|Any CPU.Build.0 = Debug|Any CPU
		{9D338061-B2C3-4842-B251-A3803A564EEC}.Release|Any CPU.ActiveCfg = Release|Any CPU
		{9D338061-B2C3-4842-B251-A3803A564EEC}.Release|Any CPU.Build.0 = Release|Any CPU
	EndGlobalSection
	GlobalSection(SolutionProperties) = preSolution
		HideSolutionNode = FALSE
	EndGlobalSection
	GlobalSection(ExtensibilityGlobals) = postSolution
		SolutionGuid = {16D87B73-42D9-4822-A858-21D19C7DD178}
	EndGlobalSection
EndGlobal
